
Microsoft Visual Studio Solution File, Format Version 12.00
# Visual Studio 2013
VisualStudioVersion = 12.0.40629.0
MinimumVisualStudioVersion = 10.0.40219.1
Project("{FAE04EC0-301F-11D3-BF4B-00C04F79EFBC}") = "FluentData", "FluentData\FluentData.csproj", "{B5AE821B-7728-49B3-9119-3BBC4C8E58E9}"
EndProject
Project("{2150E333-8FDC-42A3-9474-1A3956D46DE8}") = "Solution Items", "Solution Items", "{7D8DF561-3D0D-420E-AFF4-4FC88848D632}"
	ProjectSection(SolutionItems) = preProject
		FluentData.vsmdi = FluentData.vsmdi
		Local.testsettings = Local.testsettings
		TraceAndTestImpact.testsettings = TraceAndTestImpact.testsettings
	EndProjectSection
EndProject
Project("{FAE04EC0-301F-11D3-BF4B-00C04F79EFBC}") = "FluentData.Web", "FluentData.Web\FluentData.Web.csproj", "{6ED0D31D-6233-455E-A736-F9EBF19B1BFB}"
EndProject
Project("{FAE04EC0-301F-11D3-BF4B-00C04F79EFBC}") = "FluentData.Business", "FluentData.Business\FluentData.Business.csproj", "{F043907D-F704-4BDC-B583-D28609B1EB10}"
EndProject
Project("{FAE04EC0-301F-11D3-BF4B-00C04F79EFBC}") = "Knowledge", "Knowledge\Knowledge.csproj", "{C1B14737-AF74-4821-AA68-98FA092F9728}"
EndProject
Project("{FAE04EC0-301F-11D3-BF4B-00C04F79EFBC}") = "FluentData.Web2", "FluentData.Web2\FluentData.Web2.csproj", "{6CB14D43-EEA8-41D2-9FA3-8B7A4EFAE450}"
EndProject
Project("{FAE04EC0-301F-11D3-BF4B-00C04F79EFBC}") = "FluentData.Webapi", "FluentData.Webapi\FluentData.Webapi.csproj", "{CB5C2656-147E-4DC2-A804-BBEDBDC48063}"
EndProject
Global
	GlobalSection(SolutionConfigurationPlatforms) = preSolution
		Debug|Any CPU = Debug|Any CPU
		Debug|x64 = Debug|x64
		Release|Any CPU = Release|Any CPU
		Release|x64 = Release|x64
	EndGlobalSection
	GlobalSection(ProjectConfigurationPlatforms) = postSolution
		{B5AE821B-7728-49B3-9119-3BBC4C8E58E9}.Debug|Any CPU.ActiveCfg = Debug|Any CPU
		{B5AE821B-7728-49B3-9119-3BBC4C8E58E9}.Debug|Any CPU.Build.0 = Debug|Any CPU
		{B5AE821B-7728-49B3-9119-3BBC4C8E58E9}.Debug|x64.ActiveCfg = Debug|x64
		{B5AE821B-7728-49B3-9119-3BBC4C8E58E9}.Debug|x64.Build.0 = Debug|x64
		{B5AE821B-7728-49B3-9119-3BBC4C8E58E9}.Release|Any CPU.ActiveCfg = Release|Any CPU
		{B5AE821B-7728-49B3-9119-3BBC4C8E58E9}.Release|Any CPU.Build.0 = Release|Any CPU
		{B5AE821B-7728-49B3-9119-3BBC4C8E58E9}.Release|x64.ActiveCfg = Release|x64
		{B5AE821B-7728-49B3-9119-3BBC4C8E58E9}.Release|x64.Build.0 = Release|x64
		{6ED0D31D-6233-455E-A736-F9EBF19B1BFB}.Debug|Any CPU.ActiveCfg = Debug|Any CPU
		{6ED0D31D-6233-455E-A736-F9EBF19B1BFB}.Debug|Any CPU.Build.0 = Debug|Any CPU
		{6ED0D31D-6233-455E-A736-F9EBF19B1BFB}.Debug|x64.ActiveCfg = Debug|Any CPU
		{6ED0D31D-6233-455E-A736-F9EBF19B1BFB}.Release|Any CPU.ActiveCfg = Release|Any CPU
		{6ED0D31D-6233-455E-A736-F9EBF19B1BFB}.Release|Any CPU.Build.0 = Release|Any CPU
		{6ED0D31D-6233-455E-A736-F9EBF19B1BFB}.Release|x64.ActiveCfg = Release|Any CPU
		{F043907D-F704-4BDC-B583-D28609B1EB10}.Debug|Any CPU.ActiveCfg = Debug|Any CPU
		{F043907D-F704-4BDC-B583-D28609B1EB10}.Debug|Any CPU.Build.0 = Debug|Any CPU
		{F043907D-F704-4BDC-B583-D28609B1EB10}.Debug|x64.ActiveCfg = Debug|Any CPU
		{F043907D-F704-4BDC-B583-D28609B1EB10}.Release|Any CPU.ActiveCfg = Release|Any CPU
		{F043907D-F704-4BDC-B583-D28609B1EB10}.Release|Any CPU.Build.0 = Release|Any CPU
		{F043907D-F704-4BDC-B583-D28609B1EB10}.Release|x64.ActiveCfg = Release|Any CPU
		{C1B14737-AF74-4821-AA68-98FA092F9728}.Debug|Any CPU.ActiveCfg = Debug|Any CPU
		{C1B14737-AF74-4821-AA68-98FA092F9728}.Debug|Any CPU.Build.0 = Debug|Any CPU
		{C1B14737-AF74-4821-AA68-98FA092F9728}.Debug|x64.ActiveCfg = Debug|Any CPU
		{C1B14737-AF74-4821-AA68-98FA092F9728}.Release|Any CPU.ActiveCfg = Release|Any CPU
		{C1B14737-AF74-4821-AA68-98FA092F9728}.Release|Any CPU.Build.0 = Release|Any CPU
		{C1B14737-AF74-4821-AA68-98FA092F9728}.Release|x64.ActiveCfg = Release|Any CPU
		{6CB14D43-EEA8-41D2-9FA3-8B7A4EFAE450}.Debug|Any CPU.ActiveCfg = Debug|Any CPU
		{6CB14D43-EEA8-41D2-9FA3-8B7A4EFAE450}.Debug|Any CPU.Build.0 = Debug|Any CPU
		{6CB14D43-EEA8-41D2-9FA3-8B7A4EFAE450}.Debug|x64.ActiveCfg = Debug|Any CPU
		{6CB14D43-EEA8-41D2-9FA3-8B7A4EFAE450}.Release|Any CPU.ActiveCfg = Release|Any CPU
		{6CB14D43-EEA8-41D2-9FA3-8B7A4EFAE450}.Release|Any CPU.Build.0 = Release|Any CPU
		{6CB14D43-EEA8-41D2-9FA3-8B7A4EFAE450}.Release|x64.ActiveCfg = Release|Any CPU
		{CB5C2656-147E-4DC2-A804-BBEDBDC48063}.Debug|Any CPU.ActiveCfg = Debug|Any CPU
		{CB5C2656-147E-4DC2-A804-BBEDBDC48063}.Debug|Any CPU.Build.0 = Debug|Any CPU
		{CB5C2656-147E-4DC2-A804-BBEDBDC48063}.Debug|x64.ActiveCfg = Debug|Any CPU
		{CB5C2656-147E-4DC2-A804-BBEDBDC48063}.Release|Any CPU.ActiveCfg = Release|Any CPU
		{CB5C2656-147E-4DC2-A804-BBEDBDC48063}.Release|Any CPU.Build.0 = Release|Any CPU
		{CB5C2656-147E-4DC2-A804-BBEDBDC48063}.Release|x64.ActiveCfg = Release|Any CPU
	EndGlobalSection
	GlobalSection(SolutionProperties) = preSolution
		HideSolutionNode = FALSE
	EndGlobalSection
	GlobalSection(TestCaseManagementSettings) = postSolution
		CategoryFile = FluentData.vsmdi
	EndGlobalSection
EndGlobal
